
Microsoft Visual Studio Solution File, Format Version 12.00
# Visual Studio 15
VisualStudioVersion = 15.0.27130.2003
MinimumVisualStudioVersion = 10.0.40219.1
Project("{FAE04EC0-301F-11D3-BF4B-00C04F79EFBC}") = "HelloWorldLibrary", "HelloWorldLibrary\HelloWorldLibrary.csproj", "{86E7D471-BA24-45BF-8410-BA6D896ECA09}"
EndProject
Project("{2150E333-8FDC-42A3-9474-1A3956D46DE8}") = "Common", "Common", "{38D5608A-381F-4AA6-97C7-3AB73C18BD7B}"
EndProject
Project("{2150E333-8FDC-42A3-9474-1A3956D46DE8}") = "HelloWorld", "HelloWorld", "{A32BD8DA-39C5-4EB2-AE0B-DB1FE103AB82}"
EndProject
Project("{FAE04EC0-301F-11D3-BF4B-00C04F79EFBC}") = "HelloWorldConsole", "HelloWorldConsole\HelloWorldConsole.csproj", "{1EAF9DB3-3BED-49D0-ABD3-D34D0A5A21BA}"
EndProject
Project("{2150E333-8FDC-42A3-9474-1A3956D46DE8}") = "DataTypes", "DataTypes", "{CB71214A-47D7-4FE5-BA02-2BE4E5662082}"
EndProject
Project("{2150E333-8FDC-42A3-9474-1A3956D46DE8}") = "FunctionTesting", "FunctionTesting", "{30C7C6F4-6D0D-4FC7-B83A-AEF0265FE8C7}"
EndProject
Project("{FAE04EC0-301F-11D3-BF4B-00C04F79EFBC}") = "Functions", "Functions\Functions.csproj", "{AB968F39-F56D-48C0-916B-BBD671484473}"
EndProject
Project("{FAE04EC0-301F-11D3-BF4B-00C04F79EFBC}") = "FunctionTesting", "FunctionTesting\FunctionTesting.csproj", "{898A8F36-4D5F-4975-95C6-9E2560E5C73A}"
EndProject
Project("{FAE04EC0-301F-11D3-BF4B-00C04F79EFBC}") = "DataTypes", "DataTypes\DataTypes.csproj", "{3AB385EF-EBA4-4BB5-9762-4A40505A7B40}"
EndProject
Project("{FAE04EC0-301F-11D3-BF4B-00C04F79EFBC}") = "SharedCode", "SharedCode\SharedCode.csproj", "{3BBFC035-4FC0-44EF-AB17-9B1F271825DE}"
EndProject
Project("{2150E333-8FDC-42A3-9474-1A3956D46DE8}") = "Operators", "Operators", "{C3A71C7A-EBE1-4131-9055-97256A0ADD2E}"
EndProject
Project("{FAE04EC0-301F-11D3-BF4B-00C04F79EFBC}") = "Operators", "Operators\Operators.csproj", "{B1FCB956-BDE9-4CB3-BED9-E530EE0B4EAC}"
EndProject
Project("{FAE04EC0-301F-11D3-BF4B-00C04F79EFBC}") = "HelloWorldWinForms", "HelloWorldWinForms\HelloWorldWinForms.csproj", "{FC61C959-C8CE-4BD7-B270-B79348D46B1A}"
EndProject
Project("{2150E333-8FDC-42A3-9474-1A3956D46DE8}") = "ControlStructures", "ControlStructures", "{946B261D-15C8-49D7-9550-50EBDACD0799}"
EndProject
Project("{FAE04EC0-301F-11D3-BF4B-00C04F79EFBC}") = "ControlStructures", "ControlStructures\ControlStructures.csproj", "{A8F66EF8-FF72-4910-B1EC-A3FAA4BA6A4A}"
EndProject
Project("{2150E333-8FDC-42A3-9474-1A3956D46DE8}") = "Classes", "Classes", "{ACBB0E52-2450-4409-89E6-258181200D9F}"
EndProject
Project("{FAE04EC0-301F-11D3-BF4B-00C04F79EFBC}") = "ClassStructures", "ClassStructures\ClassStructures.csproj", "{7E893DAB-A4FC-4FD6-8480-BBBDC47645C2}"
EndProject
Project("{2150E333-8FDC-42A3-9474-1A3956D46DE8}") = "Exceptions", "Exceptions", "{3259EA2F-A6EC-4BCF-863E-B203F0C75C1B}"
EndProject
Project("{FAE04EC0-301F-11D3-BF4B-00C04F79EFBC}") = "Exceptions", "Exceptions\Exceptions.csproj", "{5348B5FC-B69D-4139-8E2B-51FE1B60C1FA}"
EndProject
Project("{2150E333-8FDC-42A3-9474-1A3956D46DE8}") = "Generics", "Generics", "{C033F992-37AE-4F80-8AED-462B667207B9}"
EndProject
Project("{FAE04EC0-301F-11D3-BF4B-00C04F79EFBC}") = "Generics", "Generics\Generics.csproj", "{FDEE4265-5DC0-41A2-A257-A0CF79E64415}"
EndProject
Project("{2150E333-8FDC-42A3-9474-1A3956D46DE8}") = "FuncsAndActions", "FuncsAndActions", "{12D3EDA8-582D-4483-8A30-B2119AE79747}"
EndProject
Project("{FAE04EC0-301F-11D3-BF4B-00C04F79EFBC}") = "FuncsAndActions", "FuncsAndActions\FuncsAndActions.csproj", "{3D4D0003-BEEF-4FF6-82CE-05693DB423F4}"
EndProject
Project("{2150E333-8FDC-42A3-9474-1A3956D46DE8}") = "Linq", "Linq", "{C200D668-844F-4F83-9197-4F540F0399CF}"
EndProject
Project("{FAE04EC0-301F-11D3-BF4B-00C04F79EFBC}") = "Linq", "Linq\Linq.csproj", "{FA4EC3D4-1EAE-4F27-A380-7271656B20B6}"
EndProject
Project("{2150E333-8FDC-42A3-9474-1A3956D46DE8}") = "Oop", "Oop", "{F05F1397-BBB0-4B79-89E6-D95ADDD44A6A}"
EndProject
Project("{FAE04EC0-301F-11D3-BF4B-00C04F79EFBC}") = "Oop", "Oop\Oop.csproj", "{81A2446C-2A00-4003-9422-17F0C12E7BF9}"
EndProject
Global
	GlobalSection(SolutionConfigurationPlatforms) = preSolution
		Debug|Any CPU = Debug|Any CPU
		Release|Any CPU = Release|Any CPU
	EndGlobalSection
	GlobalSection(ProjectConfigurationPlatforms) = postSolution
		{86E7D471-BA24-45BF-8410-BA6D896ECA09}.Debug|Any CPU.ActiveCfg = Debug|Any CPU
		{86E7D471-BA24-45BF-8410-BA6D896ECA09}.Debug|Any CPU.Build.0 = Debug|Any CPU
		{86E7D471-BA24-45BF-8410-BA6D896ECA09}.Release|Any CPU.ActiveCfg = Release|Any CPU
		{86E7D471-BA24-45BF-8410-BA6D896ECA09}.Release|Any CPU.Build.0 = Release|Any CPU
		{1EAF9DB3-3BED-49D0-ABD3-D34D0A5A21BA}.Debug|Any CPU.ActiveCfg = Debug|Any CPU
		{1EAF9DB3-3BED-49D0-ABD3-D34D0A5A21BA}.Debug|Any CPU.Build.0 = Debug|Any CPU
		{1EAF9DB3-3BED-49D0-ABD3-D34D0A5A21BA}.Release|Any CPU.ActiveCfg = Release|Any CPU
		{1EAF9DB3-3BED-49D0-ABD3-D34D0A5A21BA}.Release|Any CPU.Build.0 = Release|Any CPU
		{AB968F39-F56D-48C0-916B-BBD671484473}.Debug|Any CPU.ActiveCfg = Debug|Any CPU
		{AB968F39-F56D-48C0-916B-BBD671484473}.Debug|Any CPU.Build.0 = Debug|Any CPU
		{AB968F39-F56D-48C0-916B-BBD671484473}.Release|Any CPU.ActiveCfg = Release|Any CPU
		{AB968F39-F56D-48C0-916B-BBD671484473}.Release|Any CPU.Build.0 = Release|Any CPU
		{898A8F36-4D5F-4975-95C6-9E2560E5C73A}.Debug|Any CPU.ActiveCfg = Debug|Any CPU
		{898A8F36-4D5F-4975-95C6-9E2560E5C73A}.Debug|Any CPU.Build.0 = Debug|Any CPU
		{898A8F36-4D5F-4975-95C6-9E2560E5C73A}.Release|Any CPU.ActiveCfg = Release|Any CPU
		{898A8F36-4D5F-4975-95C6-9E2560E5C73A}.Release|Any CPU.Build.0 = Release|Any CPU
		{3AB385EF-EBA4-4BB5-9762-4A40505A7B40}.Debug|Any CPU.ActiveCfg = Debug|Any CPU
		{3AB385EF-EBA4-4BB5-9762-4A40505A7B40}.Debug|Any CPU.Build.0 = Debug|Any CPU
		{3AB385EF-EBA4-4BB5-9762-4A40505A7B40}.Release|Any CPU.ActiveCfg = Release|Any CPU
		{3AB385EF-EBA4-4BB5-9762-4A40505A7B40}.Release|Any CPU.Build.0 = Release|Any CPU
		{3BBFC035-4FC0-44EF-AB17-9B1F271825DE}.Debug|Any CPU.ActiveCfg = Debug|Any CPU
		{3BBFC035-4FC0-44EF-AB17-9B1F271825DE}.Debug|Any CPU.Build.0 = Debug|Any CPU
		{3BBFC035-4FC0-44EF-AB17-9B1F271825DE}.Release|Any CPU.ActiveCfg = Release|Any CPU
		{3BBFC035-4FC0-44EF-AB17-9B1F271825DE}.Release|Any CPU.Build.0 = Release|Any CPU
		{B1FCB956-BDE9-4CB3-BED9-E530EE0B4EAC}.Debug|Any CPU.ActiveCfg = Debug|Any CPU
		{B1FCB956-BDE9-4CB3-BED9-E530EE0B4EAC}.Debug|Any CPU.Build.0 = Debug|Any CPU
		{B1FCB956-BDE9-4CB3-BED9-E530EE0B4EAC}.Release|Any CPU.ActiveCfg = Release|Any CPU
		{B1FCB956-BDE9-4CB3-BED9-E530EE0B4EAC}.Release|Any CPU.Build.0 = Release|Any CPU
		{FC61C959-C8CE-4BD7-B270-B79348D46B1A}.Debug|Any CPU.ActiveCfg = Debug|Any CPU
		{FC61C959-C8CE-4BD7-B270-B79348D46B1A}.Debug|Any CPU.Build.0 = Debug|Any CPU
		{FC61C959-C8CE-4BD7-B270-B79348D46B1A}.Release|Any CPU.ActiveCfg = Release|Any CPU
		{FC61C959-C8CE-4BD7-B270-B79348D46B1A}.Release|Any CPU.Build.0 = Release|Any CPU
		{A8F66EF8-FF72-4910-B1EC-A3FAA4BA6A4A}.Debug|Any CPU.ActiveCfg = Debug|Any CPU
		{A8F66EF8-FF72-4910-B1EC-A3FAA4BA6A4A}.Debug|Any CPU.Build.0 = Debug|Any CPU
		{A8F66EF8-FF72-4910-B1EC-A3FAA4BA6A4A}.Release|Any CPU.ActiveCfg = Release|Any CPU
		{A8F66EF8-FF72-4910-B1EC-A3FAA4BA6A4A}.Release|Any CPU.Build.0 = Release|Any CPU
		{7E893DAB-A4FC-4FD6-8480-BBBDC47645C2}.Debug|Any CPU.ActiveCfg = Debug|Any CPU
		{7E893DAB-A4FC-4FD6-8480-BBBDC47645C2}.Debug|Any CPU.Build.0 = Debug|Any CPU
		{7E893DAB-A4FC-4FD6-8480-BBBDC47645C2}.Release|Any CPU.ActiveCfg = Release|Any CPU
		{7E893DAB-A4FC-4FD6-8480-BBBDC47645C2}.Release|Any CPU.Build.0 = Release|Any CPU
		{5348B5FC-B69D-4139-8E2B-51FE1B60C1FA}.Debug|Any CPU.ActiveCfg = Debug|Any CPU
		{5348B5FC-B69D-4139-8E2B-51FE1B60C1FA}.Debug|Any CPU.Build.0 = Debug|Any CPU
		{5348B5FC-B69D-4139-8E2B-51FE1B60C1FA}.Release|Any CPU.ActiveCfg = Release|Any CPU
		{5348B5FC-B69D-4139-8E2B-51FE1B60C1FA}.Release|Any CPU.Build.0 = Release|Any CPU
		{FDEE4265-5DC0-41A2-A257-A0CF79E64415}.Debug|Any CPU.ActiveCfg = Debug|Any CPU
		{FDEE4265-5DC0-41A2-A257-A0CF79E64415}.Debug|Any CPU.Build.0 = Debug|Any CPU
		{FDEE4265-5DC0-41A2-A257-A0CF79E64415}.Release|Any CPU.ActiveCfg = Release|Any CPU
		{FDEE4265-5DC0-41A2-A257-A0CF79E64415}.Release|Any CPU.Build.0 = Release|Any CPU
		{3D4D0003-BEEF-4FF6-82CE-05693DB423F4}.Debug|Any CPU.ActiveCfg = Debug|Any CPU
		{3D4D0003-BEEF-4FF6-82CE-05693DB423F4}.Debug|Any CPU.Build.0 = Debug|Any CPU
		{3D4D0003-BEEF-4FF6-82CE-05693DB423F4}.Release|Any CPU.ActiveCfg = Release|Any CPU
		{3D4D0003-BEEF-4FF6-82CE-05693DB423F4}.Release|Any CPU.Build.0 = Release|Any CPU
		{FA4EC3D4-1EAE-4F27-A380-7271656B20B6}.Debug|Any CPU.ActiveCfg = Debug|Any CPU
		{FA4EC3D4-1EAE-4F27-A380-7271656B20B6}.Debug|Any CPU.Build.0 = Debug|Any CPU
		{FA4EC3D4-1EAE-4F27-A380-7271656B20B6}.Release|Any CPU.ActiveCfg = Release|Any CPU
		{FA4EC3D4-1EAE-4F27-A380-7271656B20B6}.Release|Any CPU.Build.0 = Release|Any CPU
		{81A2446C-2A00-4003-9422-17F0C12E7BF9}.Debug|Any CPU.ActiveCfg = Debug|Any CPU
		{81A2446C-2A00-4003-9422-17F0C12E7BF9}.Debug|Any CPU.Build.0 = Debug|Any CPU
		{81A2446C-2A00-4003-9422-17F0C12E7BF9}.Release|Any CPU.ActiveCfg = Release|Any CPU
		{81A2446C-2A00-4003-9422-17F0C12E7BF9}.Release|Any CPU.Build.0 = Release|Any CPU
	EndGlobalSection
	GlobalSection(SolutionProperties) = preSolution
		HideSolutionNode = FALSE
	EndGlobalSection
	GlobalSection(NestedProjects) = preSolution
		{86E7D471-BA24-45BF-8410-BA6D896ECA09} = {A32BD8DA-39C5-4EB2-AE0B-DB1FE103AB82}
		{1EAF9DB3-3BED-49D0-ABD3-D34D0A5A21BA} = {A32BD8DA-39C5-4EB2-AE0B-DB1FE103AB82}
		{AB968F39-F56D-48C0-916B-BBD671484473} = {30C7C6F4-6D0D-4FC7-B83A-AEF0265FE8C7}
		{898A8F36-4D5F-4975-95C6-9E2560E5C73A} = {30C7C6F4-6D0D-4FC7-B83A-AEF0265FE8C7}
		{3AB385EF-EBA4-4BB5-9762-4A40505A7B40} = {CB71214A-47D7-4FE5-BA02-2BE4E5662082}
		{3BBFC035-4FC0-44EF-AB17-9B1F271825DE} = {38D5608A-381F-4AA6-97C7-3AB73C18BD7B}
		{B1FCB956-BDE9-4CB3-BED9-E530EE0B4EAC} = {C3A71C7A-EBE1-4131-9055-97256A0ADD2E}
		{FC61C959-C8CE-4BD7-B270-B79348D46B1A} = {A32BD8DA-39C5-4EB2-AE0B-DB1FE103AB82}
		{A8F66EF8-FF72-4910-B1EC-A3FAA4BA6A4A} = {946B261D-15C8-49D7-9550-50EBDACD0799}
		{7E893DAB-A4FC-4FD6-8480-BBBDC47645C2} = {ACBB0E52-2450-4409-89E6-258181200D9F}
		{5348B5FC-B69D-4139-8E2B-51FE1B60C1FA} = {3259EA2F-A6EC-4BCF-863E-B203F0C75C1B}
		{FDEE4265-5DC0-41A2-A257-A0CF79E64415} = {C033F992-37AE-4F80-8AED-462B667207B9}
		{3D4D0003-BEEF-4FF6-82CE-05693DB423F4} = {12D3EDA8-582D-4483-8A30-B2119AE79747}
		{FA4EC3D4-1EAE-4F27-A380-7271656B20B6} = {C200D668-844F-4F83-9197-4F540F0399CF}
		{81A2446C-2A00-4003-9422-17F0C12E7BF9} = {F05F1397-BBB0-4B79-89E6-D95ADDD44A6A}
	EndGlobalSection
	GlobalSection(ExtensibilityGlobals) = postSolution
		SolutionGuid = {C2D1D38C-12F1-4A22-8AC9-53B15AB68305}
	EndGlobalSection
EndGlobal
