
Microsoft Visual Studio Solution File, Format Version 12.00
# Visual Studio 15
VisualStudioVersion = 15.0.27130.2003
MinimumVisualStudioVersion = 10.0.40219.1
Project("{FAE04EC0-301F-11D3-BF4B-00C04F79EFBC}") = "FunctionTesting", "FunctionTesting\FunctionTesting.csproj", "{898A8F36-4D5F-4975-95C6-9E2560E5C73A}"
EndProject
Project("{FAE04EC0-301F-11D3-BF4B-00C04F79EFBC}") = "Functions", "Functions\Functions.csproj", "{AB968F39-F56D-48C0-916B-BBD671484473}"
EndProject
Global
	GlobalSection(SolutionConfigurationPlatforms) = preSolution
		Debug|Any CPU = Debug|Any CPU
		Release|Any CPU = Release|Any CPU
	EndGlobalSection
	GlobalSection(ProjectConfigurationPlatforms) = postSolution
		{898A8F36-4D5F-4975-95C6-9E2560E5C73A}.Debug|Any CPU.ActiveCfg = Debug|Any CPU
		{898A8F36-4D5F-4975-95C6-9E2560E5C73A}.Debug|Any CPU.Build.0 = Debug|Any CPU
		{898A8F36-4D5F-4975-95C6-9E2560E5C73A}.Release|Any CPU.ActiveCfg = Release|Any CPU
		{898A8F36-4D5F-4975-95C6-9E2560E5C73A}.Release|Any CPU.Build.0 = Release|Any CPU
		{AB968F39-F56D-48C0-916B-BBD671484473}.Debug|Any CPU.ActiveCfg = Debug|Any CPU
		{AB968F39-F56D-48C0-916B-BBD671484473}.Debug|Any CPU.Build.0 = Debug|Any CPU
		{AB968F39-F56D-48C0-916B-BBD671484473}.Release|Any CPU.ActiveCfg = Release|Any CPU
		{AB968F39-F56D-48C0-916B-BBD671484473}.Release|Any CPU.Build.0 = Release|Any CPU
	EndGlobalSection
	GlobalSection(SolutionProperties) = preSolution
		HideSolutionNode = FALSE
	EndGlobalSection
	GlobalSection(ExtensibilityGlobals) = postSolution
		SolutionGuid = {E89C6F9A-C63C-4253-8C12-5882618AE5C9}
	EndGlobalSection
EndGlobal
